# THIS IS AN AUTOGENERATED FILE. DO NOT EDIT THIS FILE DIRECTLY.
# yarn lockfile v1


focus-options-polyfill@^1.6.0:
  version "1.6.0"
  resolved "https://registry.yarnpkg.com/focus-options-polyfill/-/focus-options-polyfill-1.6.0.tgz#12ef3081dae9801d32dfcffd7b69259ca8f57198"
  integrity sha512-uyrAmLZrPnUItQY5wTdg31TO9GGZRGsh/jmohUg9oLmLi/sw5y7LlTV/mwyd6rvbxIOGwmRiv6LcTS8w7Bk9NQ==

"scroll-behavior-polyfill@https://github.com/pbr3s/scroll-behavior-polyfill.git":
  version "0.1.1"
  resolved "https://github.com/pbr3s/scroll-behavior-polyfill.git#79e061faef459dfd0ff0217453cfe52c65c530be"
